{
  "name": "commandline",
  "version": "1.0.0",
  "lockfileVersion": 1,
  "requires": true,
  "dependencies": {
    "ansi": {
      "version": "0.3.1",
      "resolved": "https://registry.npm.taobao.org/ansi/download/ansi-0.3.1.tgz",
      "integrity": "sha1-DELU+xcWDVqa8eSEus4cZpIsGyE="
    }
  }
}
